// !$*UTF8*$!
{
	archiveVersion = 1;
	classes = {
	};
	objectVersion = 50;
	objects = {

/* Begin PBXBuildFile section */
		8E5F7FF12276D67600442E4F /* AppDelegate.swift in Sources */ = {isa = PBXBuildFile; fileRef = 8E5F7FF02276D67600442E4F /* AppDelegate.swift */; };
		8E5F7FF32276D67600442E4F /* ViewController.swift in Sources */ = {isa = PBXBuildFile; fileRef = 8E5F7FF22276D67600442E4F /* ViewController.swift */; };
		8E5F7FF62276D67600442E4F /* Main.storyboard in Resources */ = {isa = PBXBuildFile; fileRef = 8E5F7FF42276D67600442E4F /* Main.storyboard */; };
		8E5F7FF92276D67600442E4F /* rxStudy.xcdatamodeld in Sources */ = {isa = PBXBuildFile; fileRef = 8E5F7FF72276D67600442E4F /* rxStudy.xcdatamodeld */; };
		8E5F7FFB2276D67700442E4F /* Assets.xcassets in Resources */ = {isa = PBXBuildFile; fileRef = 8E5F7FFA2276D67700442E4F /* Assets.xcassets */; };
		8E5F7FFE2276D67700442E4F /* LaunchScreen.storyboard in Resources */ = {isa = PBXBuildFile; fileRef = 8E5F7FFC2276D67700442E4F /* LaunchScreen.storyboard */; };
		B93D4E25BB3A3B57DCCB28E0 /* Pods_rxStudy.framework in Frameworks */ = {isa = PBXBuildFile; fileRef = CDCE31E270E28D9E21D8700E /* Pods_rxStudy.framework */; };
/* End PBXBuildFile section */

/* Begin PBXFileReference section */
		8E5F7FED2276D67600442E4F /* rxStudy.app */ = {isa = PBXFileReference; explicitFileType = wrapper.application; includeInIndex = 0; path = rxStudy.app; sourceTree = BUILT_PRODUCTS_DIR; };
		8E5F7FF02276D67600442E4F /* AppDelegate.swift */ = {isa = PBXFileReference; lastKnownFileType = sourcecode.swift; path = AppDelegate.swift; sourceTree = "<group>"; };
		8E5F7FF22276D67600442E4F /* ViewController.swift */ = {isa = PBXFileReference; lastKnownFileType = sourcecode.swift; path = ViewController.swift; sourceTree = "<group>"; };
		8E5F7FF52276D67600442E4F /* Base */ = {isa = PBXFileReference; lastKnownFileType = file.storyboard; name = Base; path = Base.lproj/Main.storyboard; sourceTree = "<group>"; };
		8E5F7FF82276D67600442E4F /* rxStudy.xcdatamodel */ = {isa = PBXFileReference; lastKnownFileType = wrapper.xcdatamodel; path = rxStudy.xcdatamodel; sourceTree = "<group>"; };
		8E5F7FFA2276D67700442E4F /* Assets.xcassets */ = {isa = PBXFileReference; lastKnownFileType = folder.assetcatalog; path = Assets.xcassets; sourceTree = "<group>"; };
		8E5F7FFD2276D67700442E4F /* Base */ = {isa = PBXFileReference; lastKnownFileType = file.storyboard; name = Base; path = Base.lproj/LaunchScreen.storyboard; sourceTree = "<group>"; };
		8E5F7FFF2276D67700442E4F /* Info.plist */ = {isa = PBXFileReference; lastKnownFileType = text.plist.xml; path = Info.plist; sourceTree = "<group>"; };
		CDCE31E270E28D9E21D8700E /* Pods_rxStudy.framework */ = {isa = PBXFileReference; explicitFileType = wrapper.framework; includeInIndex = 0; path = Pods_rxStudy.framework; sourceTree = BUILT_PRODUCTS_DIR; };
		E794E777BD24C5F8C3C7E14C /* Pods-rxStudy.debug.xcconfig */ = {isa = PBXFileReference; includeInIndex = 1; lastKnownFileType = text.xcconfig; name = "Pods-rxStudy.debug.xcconfig"; path = "Pods/Target Support Files/Pods-rxStudy/Pods-rxStudy.debug.xcconfig"; sourceTree = "<group>"; };
		FC57814EB8F0B58836174443 /* Pods-rxStudy.release.xcconfig */ = {isa = PBXFileReference; includeInIndex = 1; lastKnownFileType = text.xcconfig; name = "Pods-rxStudy.release.xcconfig"; path = "Pods/Target Support Files/Pods-rxStudy/Pods-rxStudy.release.xcconfig"; sourceTree = "<group>"; };
/* End PBXFileReference section */

/* Begin PBXFrameworksBuildPhase section */
		8E5F7FEA2276D67600442E4F /* Frameworks */ = {
			isa = PBXFrameworksBuildPhase;
			buildActionMask = 2147483647;
			files = (
				B93D4E25BB3A3B57DCCB28E0 /* Pods_rxStudy.framework in Frameworks */,
			);
			runOnlyForDeploymentPostprocessing = 0;
		};
/* End PBXFrameworksBuildPhase section */

/* Begin PBXGroup section */
		8E5F7FE42276D67600442E4F = {
			isa = PBXGroup;
			children = (
				8E5F7FEF2276D67600442E4F /* rxStudy */,
				8E5F7FEE2276D67600442E4F /* Products */,
				B14A6D4F6D567BD3DABE324F /* Pods */,
				BCB4B3648E8A8228D127C466 /* Frameworks */,
			);
			sourceTree = "<group>";
		};
		8E5F7FEE2276D67600442E4F /* Products */ = {
			isa = PBXGroup;
			children = (
				8E5F7FED2276D67600442E4F /* rxStudy.app */,
			);
			name = Products;
			sourceTree = "<group>";
		};
		8E5F7FEF2276D67600442E4F /* rxStudy */ = {
			isa = PBXGroup;
			children = (
				8E5F7FF02276D67600442E4F /* AppDelegate.swift */,
				8E5F7FF22276D67600442E4F /* ViewController.swift */,
				8E5F7FF42276D67600442E4F /* Main.storyboard */,
				8E5F7FFA2276D67700442E4F /* Assets.xcassets */,
				8E5F7FFC2276D67700442E4F /* LaunchScreen.storyboard */,
				8E5F7FFF2276D67700442E4F /* Info.plist */,
				8E5F7FF72276D67600442E4F /* rxStudy.xcdatamodeld */,
			);
			path = rxStudy;
			sourceTree = "<group>";
		};
		B14A6D4F6D567BD3DABE324F /* Pods */ = {
			isa = PBXGroup;
			children = (
				E794E777BD24C5F8C3C7E14C /* Pods-rxStudy.debug.xcconfig */,
				FC57814EB8F0B58836174443 /* Pods-rxStudy.release.xcconfig */,
			);
			name = Pods;
			sourceTree = "<group>";
		};
		BCB4B3648E8A8228D127C466 /* Frameworks */ = {
			isa = PBXGroup;
			children = (
				CDCE31E270E28D9E21D8700E /* Pods_rxStudy.framework */,
			);
			name = Frameworks;
			sourceTree = "<group>";
		};
/* End PBXGroup section */

/* Begin PBXNativeTarget section */
		8E5F7FEC2276D67600442E4F /* rxStudy */ = {
			isa = PBXNativeTarget;
			buildConfigurationList = 8E5F80022276D67700442E4F /* Build configuration list for PBXNativeTarget "rxStudy" */;
			buildPhases = (
				6DD49FE956A6783B73624609 /* [CP] Check Pods Manifest.lock */,
				8E5F7FE92276D67600442E4F /* Sources */,
				8E5F7FEA2276D67600442E4F /* Frameworks */,
				8E5F7FEB2276D67600442E4F /* Resources */,
				ECB3A63BDFC334C365D0CF9C /* [CP] Embed Pods Frameworks */,
			);
			buildRules = (
			);
			dependencies = (
			);
			name = rxStudy;
			productName = rxStudy;
			productReference = 8E5F7FED2276D67600442E4F /* rxStudy.app */;
			productType = "com.apple.product-type.application";
		};
/* End PBXNativeTarget section */

/* Begin PBXProject section */
		8E5F7FE52276D67600442E4F /* Project object */ = {
			isa = PBXProject;
			attributes = {
				LastSwiftUpdateCheck = 1020;
				LastUpgradeCheck = 1020;
				ORGANIZATIONNAME = "sangwook park";
				TargetAttributes = {
					8E5F7FEC2276D67600442E4F = {
						CreatedOnToolsVersion = 10.2.1;
					};
				};
			};
			buildConfigurationList = 8E5F7FE82276D67600442E4F /* Build configuration list for PBXProject "rxStudy" */;
			compatibilityVersion = "Xcode 9.3";
			developmentRegion = en;
			hasScannedForEncodings = 0;
			knownRegions = (
				en,
				Base,
			);
			mainGroup = 8E5F7FE42276D67600442E4F;
			productRefGroup = 8E5F7FEE2276D67600442E4F /* Products */;
			projectDirPath = "";
			projectRoot = "";
			targets = (
				8E5F7FEC2276D67600442E4F /* rxStudy */,
			);
		};
/* End PBXProject section */

/* Begin PBXResourcesBuildPhase section */
		8E5F7FEB2276D67600442E4F /* Resources */ = {
			isa = PBXResourcesBuildPhase;
			buildActionMask = 2147483647;
			files = (
				8E5F7FFE2276D67700442E4F /* LaunchScreen.storyboard in Resources */,
				8E5F7FFB2276D67700442E4F /* Assets.xcassets in Resources */,
				8E5F7FF62276D67600442E4F /* Main.storyboard in Resources */,
			);
			runOnlyForDeploymentPostprocessing = 0;
		};
/* End PBXResourcesBuildPhase section */

/* Begin PBXShellScriptBuildPhase section */
		6DD49FE956A6783B73624609 /* [CP] Check Pods Manifest.lock */ = {
			isa = PBXShellScriptBuildPhase;
			buildActionMask = 2147483647;
			files = (
			);
			inputFileListPaths = (
			);
			inputPaths = (
				"${PODS_PODFILE_DIR_PATH}/Podfile.lock",
				"${PODS_ROOT}/Manifest.lock",
			);
			name = "[CP] Check Pods Manifest.lock";
			outputFileListPaths = (
			);
			outputPaths = (
				"$(DERIVED_FILE_DIR)/Pods-rxStudy-checkManifestLockResult.txt",
			);
			runOnlyForDeploymentPostprocessing = 0;
			shellPath = /bin/sh;
			shellScript = "diff \"${PODS_PODFILE_DIR_PATH}/Podfile.lock\" \"${PODS_ROOT}/Manifest.lock\" > /dev/null\nif [ $? != 0 ] ; then\n    # print error to STDERR\n    echo \"error: The sandbox is not in sync with the Podfile.lock. Run 'pod install' or update your CocoaPods installation.\" >&2\n    exit 1\nfi\n# This output is used by Xcode 'outputs' to avoid re-running this script phase.\necho \"SUCCESS\" > \"${SCRIPT_OUTPUT_FILE_0}\"\n";
			showEnvVarsInLog = 0;
		};
		ECB3A63BDFC334C365D0CF9C /* [CP] Embed Pods Frameworks */ = {
			isa = PBXShellScriptBuildPhase;
			buildActionMask = 2147483647;
			files = (
			);
			inputFileListPaths = (
			);
			inputPaths = (
				"${SRCROOT}/Pods/Target Support Files/Pods-rxStudy/Pods-rxStudy-frameworks.sh",
				"${BUILT_PRODUCTS_DIR}/PromiseKit/PromiseKit.framework",
				"${BUILT_PRODUCTS_DIR}/Realm/Realm.framework",
				"${BUILT_PRODUCTS_DIR}/RealmSwift/RealmSwift.framework",
				"${BUILT_PRODUCTS_DIR}/RxCocoa/RxCocoa.framework",
				"${BUILT_PRODUCTS_DIR}/RxSwift/RxSwift.framework",
			);
			name = "[CP] Embed Pods Frameworks";
			outputFileListPaths = (
			);
			outputPaths = (
				"${TARGET_BUILD_DIR}/${FRAMEWORKS_FOLDER_PATH}/PromiseKit.framework",
				"${TARGET_BUILD_DIR}/${FRAMEWORKS_FOLDER_PATH}/Realm.framework",
				"${TARGET_BUILD_DIR}/${FRAMEWORKS_FOLDER_PATH}/RealmSwift.framework",
				"${TARGET_BUILD_DIR}/${FRAMEWORKS_FOLDER_PATH}/RxCocoa.framework",
				"${TARGET_BUILD_DIR}/${FRAMEWORKS_FOLDER_PATH}/RxSwift.framework",
			);
			runOnlyForDeploymentPostprocessing = 0;
			shellPath = /bin/sh;
			shellScript = "\"${SRCROOT}/Pods/Target Support Files/Pods-rxStudy/Pods-rxStudy-frameworks.sh\"\n";
			showEnvVarsInLog = 0;
		};
/* End PBXShellScriptBuildPhase section */

/* Begin PBXSourcesBuildPhase section */
		8E5F7FE92276D67600442E4F /* Sources */ = {
			isa = PBXSourcesBuildPhase;
			buildActionMask = 2147483647;
			files = (
				8E5F7FF32276D67600442E4F /* ViewController.swift in Sources */,
				8E5F7FF92276D67600442E4F /* rxStudy.xcdatamodeld in Sources */,
				8E5F7FF12276D67600442E4F /* AppDelegate.swift in Sources */,
			);
			runOnlyForDeploymentPostprocessing = 0;
		};
/* End PBXSourcesBuildPhase section */

/* Begin PBXVariantGroup section */
		8E5F7FF42276D67600442E4F /* Main.storyboard */ = {
			isa = PBXVariantGroup;
			children = (
				8E5F7FF52276D67600442E4F /* Base */,
			);
			name = Main.storyboard;
			sourceTree = "<group>";
		};
		8E5F7FFC2276D67700442E4F /* LaunchScreen.storyboard */ = {
			isa = PBXVariantGroup;
			children = (
				8E5F7FFD2276D67700442E4F /* Base */,
			);
			name = LaunchScreen.storyboard;
			sourceTree = "<group>";
		};
/* End PBXVariantGroup section */

/* Begin XCBuildConfiguration section */
		8E5F80002276D67700442E4F /* Debug */ = {
			isa = XCBuildConfiguration;
			buildSettings = {
				ALWAYS_SEARCH_USER_PATHS = NO;
				CLANG_ANALYZER_NONNULL = YES;
				CLANG_ANALYZER_NUMBER_OBJECT_CONVERSION = YES_AGGRESSIVE;
				CLANG_CXX_LANGUAGE_STANDARD = "gnu++14";
				CLANG_CXX_LIBRARY = "libc++";
				CLANG_ENABLE_MODULES = YES;
				CLANG_ENABLE_OBJC_ARC = YES;
				CLANG_ENABLE_OBJC_WEAK = YES;
				CLANG_WARN_BLOCK_CAPTURE_AUTORELEASING = YES;
				CLANG_WARN_BOOL_CONVERSION = YES;
				CLANG_WARN_COMMA = YES;
				CLANG_WARN_CONSTANT_CONVERSION = YES;
				CLANG_WARN_DEPRECATED_OBJC_IMPLEMENTATIONS = YES;
				CLANG_WARN_DIRECT_OBJC_ISA_USAGE = YES_ERROR;
				CLANG_WARN_DOCUMENTATION_COMMENTS = YES;
				CLANG_WARN_EMPTY_BODY = YES;
				CLANG_WARN_ENUM_CONVERSION = YES;
				CLANG_WARN_INFINITE_RECURSION = YES;
				CLANG_WARN_INT_CONVERSION = YES;
				CLANG_WARN_NON_LITERAL_NULL_CONVERSION = YES;
				CLANG_WARN_OBJC_IMPLICIT_RETAIN_SELF = YES;
				CLANG_WARN_OBJC_LITERAL_CONVERSION = YES;
				CLANG_WARN_OBJC_ROOT_CLASS = YES_ERROR;
				CLANG_WARN_RANGE_LOOP_ANALYSIS = YES;
				CLANG_WARN_STRICT_PROTOTYPES = YES;
				CLANG_WARN_SUSPICIOUS_MOVE = YES;
				CLANG_WARN_UNGUARDED_AVAILABILITY = YES_AGGRESSIVE;
				CLANG_WARN_UNREACHABLE_CODE = YES;
				CLANG_WARN__DUPLICATE_METHOD_MATCH = YES;
				CODE_SIGN_IDENTITY = "iPhone Developer";
				COPY_PHASE_STRIP = NO;
				DEBUG_INFORMATION_FORMAT = dwarf;
				ENABLE_STRICT_OBJC_MSGSEND = YES;
				ENABLE_TESTABILITY = YES;
				GCC_C_LANGUAGE_STANDARD = gnu11;
				GCC_DYNAMIC_NO_PIC = NO;
				GCC_NO_COMMON_BLOCKS = YES;
				GCC_OPTIMIZATION_LEVEL = 0;
				GCC_PREPROCESSOR_DEFINITIONS = (
					"DEBUG=1",
					"$(inherited)",
				);
				GCC_WARN_64_TO_32_BIT_CONVERSION = YES;
				GCC_WARN_ABOUT_RETURN_TYPE = YES_ERROR;
				GCC_WARN_UNDECLARED_SELECTOR = YES;
				GCC_WARN_UNINITIALIZED_AUTOS = YES_AGGRESSIVE;
				GCC_WARN_UNUSED_FUNCTION = YES;
				GCC_WARN_UNUSED_VARIABLE = YES;
				IPHONEOS_DEPLOYMENT_TARGET = 12.2;
				MTL_ENABLE_DEBUG_INFO = INCLUDE_SOURCE;
				MTL_FAST_MATH = YES;
				ONLY_ACTIVE_ARCH = YES;
				SDKROOT = iphoneos;
				SWIFT_ACTIVE_COMPILATION_CONDITIONS = DEBUG;
				SWIFT_OPTIMIZATION_LEVEL = "-Onone";
			};
			name = Debug;
		};
		8E5F80012276D67700442E4F /* Release */ = {
			isa = XCBuildConfiguration;
			buildSettings = {
				ALWAYS_SEARCH_USER_PATHS = NO;
				CLANG_ANALYZER_NONNULL = YES;
				CLANG_ANALYZER_NUMBER_OBJECT_CONVERSION = YES_AGGRESSIVE;
				CLANG_CXX_LANGUAGE_STANDARD = "gnu++14";
				CLANG_CXX_LIBRARY = "libc++";
				CLANG_ENABLE_MODULES = YES;
				CLANG_ENABLE_OBJC_ARC = YES;
				CLANG_ENABLE_OBJC_WEAK = YES;
				CLANG_WARN_BLOCK_CAPTURE_AUTORELEASING = YES;
				CLANG_WARN_BOOL_CONVERSION = YES;
				CLANG_WARN_COMMA = YES;
				CLANG_WARN_CONSTANT_CONVERSION = YES;
				CLANG_WARN_DEPRECATED_OBJC_IMPLEMENTATIONS = YES;
				CLANG_WARN_DIRECT_OBJC_ISA_USAGE = YES_ERROR;
				CLANG_WARN_DOCUMENTATION_COMMENTS = YES;
				CLANG_WARN_EMPTY_BODY = YES;
				CLANG_WARN_ENUM_CONVERSION = YES;
				CLANG_WARN_INFINITE_RECURSION = YES;
				CLANG_WARN_INT_CONVERSION = YES;
				CLANG_WARN_NON_LITERAL_NULL_CONVERSION = YES;
				CLANG_WARN_OBJC_IMPLICIT_RETAIN_SELF = YES;
				CLANG_WARN_OBJC_LITERAL_CONVERSION = YES;
				CLANG_WARN_OBJC_ROOT_CLASS = YES_ERROR;
				CLANG_WARN_RANGE_LOOP_ANALYSIS = YES;
				CLANG_WARN_STRICT_PROTOTYPES = YES;
				CLANG_WARN_SUSPICIOUS_MOVE = YES;
				CLANG_WARN_UNGUARDED_AVAILABILITY = YES_AGGRESSIVE;
				CLANG_WARN_UNREACHABLE_CODE = YES;
				CLANG_WARN__DUPLICATE_METHOD_MATCH = YES;
				CODE_SIGN_IDENTITY = "iPhone Developer";
				COPY_PHASE_STRIP = NO;
				DEBUG_INFORMATION_FORMAT = "dwarf-with-dsym";
				ENABLE_NS_ASSERTIONS = NO;
				ENABLE_STRICT_OBJC_MSGSEND = YES;
				GCC_C_LANGUAGE_STANDARD = gnu11;
				GCC_NO_COMMON_BLOCKS = YES;
				GCC_WARN_64_TO_32_BIT_CONVERSION = YES;
				GCC_WARN_ABOUT_RETURN_TYPE = YES_ERROR;
				GCC_WARN_UNDECLARED_SELECTOR = YES;
				GCC_WARN_UNINITIALIZED_AUTOS = YES_AGGRESSIVE;
				GCC_WARN_UNUSED_FUNCTION = YES;
				GCC_WARN_UNUSED_VARIABLE = YES;
				IPHONEOS_DEPLOYMENT_TARGET = 12.2;
				MTL_ENABLE_DEBUG_INFO = NO;
				MTL_FAST_MATH = YES;
				SDKROOT = iphoneos;
				SWIFT_COMPILATION_MODE = wholemodule;
				SWIFT_OPTIMIZATION_LEVEL = "-O";
				VALIDATE_PRODUCT = YES;
			};
			name = Release;
		};
		8E5F80032276D67700442E4F /* Debug */ = {
			isa = XCBuildConfiguration;
			baseConfigurationReference = E794E777BD24C5F8C3C7E14C /* Pods-rxStudy.debug.xcconfig */;
			buildSettings = {
				ASSETCATALOG_COMPILER_APPICON_NAME = AppIcon;
				CODE_SIGN_STYLE = Automatic;
				DEVELOPMENT_TEAM = 3ZS2532XM8;
				INFOPLIST_FILE = rxStudy/Info.plist;
				LD_RUNPATH_SEARCH_PATHS = (
					"$(inherited)",
					"@executable_path/Frameworks",
				);
				PRODUCT_BUNDLE_IDENTIFIER = com.rxStudy;
				PRODUCT_NAME = "$(TARGET_NAME)";
				SWIFT_VERSION = 5.0;
				TARGETED_DEVICE_FAMILY = "1,2";
			};
			name = Debug;
		};
		8E5F80042276D67700442E4F /* Release */ = {
			isa = XCBuildConfiguration;
			baseConfigurationReference = FC57814EB8F0B58836174443 /* Pods-rxStudy.release.xcconfig */;
			buildSettings = {
				ASSETCATALOG_COMPILER_APPICON_NAME = AppIcon;
				CODE_SIGN_STYLE = Automatic;
				DEVELOPMENT_TEAM = 3ZS2532XM8;
				INFOPLIST_FILE = rxStudy/Info.plist;
				LD_RUNPATH_SEARCH_PATHS = (
					"$(inherited)",
					"@executable_path/Frameworks",
				);
				PRODUCT_BUNDLE_IDENTIFIER = com.rxStudy;
				PRODUCT_NAME = "$(TARGET_NAME)";
				SWIFT_VERSION = 5.0;
				TARGETED_DEVICE_FAMILY = "1,2";
			};
			name = Release;
		};
/* End XCBuildConfiguration section */

/* Begin XCConfigurationList section */
		8E5F7FE82276D67600442E4F /* Build configuration list for PBXProject "rxStudy" */ = {
			isa = XCConfigurationList;
			buildConfigurations = (
				8E5F80002276D67700442E4F /* Debug */,
				8E5F80012276D67700442E4F /* Release */,
			);
			defaultConfigurationIsVisible = 0;
			defaultConfigurationName = Release;
		};
		8E5F80022276D67700442E4F /* Build configuration list for PBXNativeTarget "rxStudy" */ = {
			isa = XCConfigurationList;
			buildConfigurations = (
				8E5F80032276D67700442E4F /* Debug */,
				8E5F80042276D67700442E4F /* Release */,
			);
			defaultConfigurationIsVisible = 0;
			defaultConfigurationName = Release;
		};
/* End XCConfigurationList section */

/* Begin XCVersionGroup section */
		8E5F7FF72276D67600442E4F /* rxStudy.xcdatamodeld */ = {
			isa = XCVersionGroup;
			children = (
				8E5F7FF82276D67600442E4F /* rxStudy.xcdatamodel */,
			);
			currentVersion = 8E5F7FF82276D67600442E4F /* rxStudy.xcdatamodel */;
			path = rxStudy.xcdatamodeld;
			sourceTree = "<group>";
			versionGroupType = wrapper.xcdatamodel;
		};
/* End XCVersionGroup section */
	};
	rootObject = 8E5F7FE52276D67600442E4F /* Project object */;
}
